Microsoft Visual Studio Solution File, Format Version 11.00
# Visual Studio 2008

Project("{77D76283-84AA-9749-0F11-830214528B3D}") = "Sonder VR DEMO", "Assembly-CSharp.csproj", "{23AF9FF1-DB27-BB25-266E-1DAD0DE32190}"
EndProject
Global
	GlobalSection(SolutionConfigurationPlatforms) = preSolution
		Debug|Any CPU = Debug|Any CPU
		Release|Any CPU = Release|Any CPU
	EndGlobalSection
	GlobalSection(ProjectConfigurationPlatforms) = postSolution
		{23AF9FF1-DB27-BB25-266E-1DAD0DE32190}.Debug|Any CPU.ActiveCfg = Debug|Any CPU
		{23AF9FF1-DB27-BB25-266E-1DAD0DE32190}.Debug|Any CPU.Build.0 = Debug|Any CPU
		{23AF9FF1-DB27-BB25-266E-1DAD0DE32190}.Release|Any CPU.ActiveCfg = Release|Any CPU
		{23AF9FF1-DB27-BB25-266E-1DAD0DE32190}.Release|Any CPU.Build.0 = Release|Any CPU
	EndGlobalSection
	GlobalSection(SolutionProperties) = preSolution
		HideSolutionNode = FALSE
	EndGlobalSection
	GlobalSection(MonoDevelopProperties) = preSolution
		StartupItem = Assembly-CSharp.csproj
	EndGlobalSection
EndGlobal
